
Microsoft Visual Studio Solution File, Format Version 12.00
# Visual Studio 15
VisualStudioVersion = 15.0.28010.2026
MinimumVisualStudioVersion = 10.0.40219.1
Project("{FAE04EC0-301F-11D3-BF4B-00C04F79EFBC}") = "lab7", "lab7\lab7.csproj", "{2BA132F1-747A-425E-A8B7-28AF18D54DEA}"
EndProject
Project("{FAE04EC0-301F-11D3-BF4B-00C04F79EFBC}") = "lab7_2", "lab7_2\lab7_2.csproj", "{CAABFD99-3D8F-454A-A754-8E436D6E6942}"
EndProject
Global
	GlobalSection(SolutionConfigurationPlatforms) = preSolution
		Debug|Any CPU = Debug|Any CPU
		Release|Any CPU = Release|Any CPU
	EndGlobalSection
	GlobalSection(ProjectConfigurationPlatforms) = postSolution
		{2BA132F1-747A-425E-A8B7-28AF18D54DEA}.Debug|Any CPU.ActiveCfg = Debug|Any CPU
		{2BA132F1-747A-425E-A8B7-28AF18D54DEA}.Debug|Any CPU.Build.0 = Debug|Any CPU
		{2BA132F1-747A-425E-A8B7-28AF18D54DEA}.Release|Any CPU.ActiveCfg = Release|Any CPU
		{2BA132F1-747A-425E-A8B7-28AF18D54DEA}.Release|Any CPU.Build.0 = Release|Any CPU
		{CAABFD99-3D8F-454A-A754-8E436D6E6942}.Debug|Any CPU.ActiveCfg = Debug|Any CPU
		{CAABFD99-3D8F-454A-A754-8E436D6E6942}.Debug|Any CPU.Build.0 = Debug|Any CPU
		{CAABFD99-3D8F-454A-A754-8E436D6E6942}.Release|Any CPU.ActiveCfg = Release|Any CPU
		{CAABFD99-3D8F-454A-A754-8E436D6E6942}.Release|Any CPU.Build.0 = Release|Any CPU
	EndGlobalSection
	GlobalSection(SolutionProperties) = preSolution
		HideSolutionNode = FALSE
	EndGlobalSection
	GlobalSection(ExtensibilityGlobals) = postSolution
		SolutionGuid = {3D7DB6AE-D0EF-4905-A701-565113FA85EF}
	EndGlobalSection
EndGlobal
